# THIS IS AN AUTOGENERATED FILE. DO NOT EDIT THIS FILE DIRECTLY.
# yarn lockfile v1


apollo-link-context@^1.0.14:
  version "1.0.14"
  resolved "https://registry.yarnpkg.com/apollo-link-context/-/apollo-link-context-1.0.14.tgz#6265eef49bedadddbbcff4026d04cd351094cd6c"
  dependencies:
    apollo-link "^1.2.8"

apollo-link@^1.2.8:
  version "1.2.8"
  resolved "https://registry.yarnpkg.com/apollo-link/-/apollo-link-1.2.8.tgz#0f252adefd5047ac1a9f35ba9439d216587dcd84"
  dependencies:
    zen-observable-ts "^0.8.15"

graphql@^14.1.1:
  version "14.1.1"
  resolved "https://registry.yarnpkg.com/graphql/-/graphql-14.1.1.tgz#d5d77df4b19ef41538d7215d1e7a28834619fac0"
  dependencies:
    iterall "^1.2.2"

iterall@^1.2.2:
  version "1.2.2"
  resolved "https://registry.yarnpkg.com/iterall/-/iterall-1.2.2.tgz#92d70deb8028e0c39ff3164fdbf4d8b088130cd7"

zen-observable-ts@^0.8.15:
  version "0.8.15"
  resolved "https://registry.yarnpkg.com/zen-observable-ts/-/zen-observable-ts-0.8.15.tgz#6cf7df6aa619076e4af2f707ccf8a6290d26699b"
  dependencies:
    zen-observable "^0.8.0"

zen-observable@^0.8.0:
  version "0.8.13"
  resolved "https://registry.yarnpkg.com/zen-observable/-/zen-observable-0.8.13.tgz#a9f1b9dbdfd2d60a08761ceac6a861427d44ae2e"
